
Microsoft Visual Studio Solution File, Format Version 12.00
# Visual Studio Version 17
VisualStudioVersion = 17.8.34511.84
MinimumVisualStudioVersion = 10.0.40219.1
Project("{9A19103F-16F7-4668-BE54-9A1E7A4F7556}") = "MilesCarRental.Application", "MilesCarRental.Application\MilesCarRental.Application.csproj", "{23A16500-7DA2-4FCB-A7EA-A13B621A5616}"
EndProject
Project("{9A19103F-16F7-4668-BE54-9A1E7A4F7556}") = "MilesCarRental.Domain", "MilesCarRental.Domain\MilesCarRental.Domain.csproj", "{06325F1E-D20E-47FA-92C5-6699FB2F1B2C}"
EndProject
Project("{9A19103F-16F7-4668-BE54-9A1E7A4F7556}") = "MilesCarRental.Infrastructure", "MilesCarRental.Infrastructure\MilesCarRental.Infrastructure.csproj", "{FFF418C0-012C-4911-9590-A0C0322A441C}"
EndProject
Project("{9A19103F-16F7-4668-BE54-9A1E7A4F7556}") = "MilesCarRental.Api", "MilesCarRental.Api\MilesCarRental.Api.csproj", "{267319E7-016C-4208-96C6-35C300D5A917}"
EndProject
Project("{FAE04EC0-301F-11D3-BF4B-00C04F79EFBC}") = "MilesCarRental.Api.Tests", "MilesCarRental.Api.Tests\MilesCarRental.Api.Tests.csproj", "{885C66A9-814D-4EAF-936E-C6205D889D19}"
EndProject
Global
	GlobalSection(SolutionConfigurationPlatforms) = preSolution
		Debug|Any CPU = Debug|Any CPU
		Release|Any CPU = Release|Any CPU
	EndGlobalSection
	GlobalSection(ProjectConfigurationPlatforms) = postSolution
		{23A16500-7DA2-4FCB-A7EA-A13B621A5616}.Debug|Any CPU.ActiveCfg = Debug|Any CPU
		{23A16500-7DA2-4FCB-A7EA-A13B621A5616}.Debug|Any CPU.Build.0 = Debug|Any CPU
		{23A16500-7DA2-4FCB-A7EA-A13B621A5616}.Release|Any CPU.ActiveCfg = Release|Any CPU
		{23A16500-7DA2-4FCB-A7EA-A13B621A5616}.Release|Any CPU.Build.0 = Release|Any CPU
		{06325F1E-D20E-47FA-92C5-6699FB2F1B2C}.Debug|Any CPU.ActiveCfg = Debug|Any CPU
		{06325F1E-D20E-47FA-92C5-6699FB2F1B2C}.Debug|Any CPU.Build.0 = Debug|Any CPU
		{06325F1E-D20E-47FA-92C5-6699FB2F1B2C}.Release|Any CPU.ActiveCfg = Release|Any CPU
		{06325F1E-D20E-47FA-92C5-6699FB2F1B2C}.Release|Any CPU.Build.0 = Release|Any CPU
		{FFF418C0-012C-4911-9590-A0C0322A441C}.Debug|Any CPU.ActiveCfg = Debug|Any CPU
		{FFF418C0-012C-4911-9590-A0C0322A441C}.Debug|Any CPU.Build.0 = Debug|Any CPU
		{FFF418C0-012C-4911-9590-A0C0322A441C}.Release|Any CPU.ActiveCfg = Release|Any CPU
		{FFF418C0-012C-4911-9590-A0C0322A441C}.Release|Any CPU.Build.0 = Release|Any CPU
		{267319E7-016C-4208-96C6-35C300D5A917}.Debug|Any CPU.ActiveCfg = Debug|Any CPU
		{267319E7-016C-4208-96C6-35C300D5A917}.Debug|Any CPU.Build.0 = Debug|Any CPU
		{267319E7-016C-4208-96C6-35C300D5A917}.Release|Any CPU.ActiveCfg = Release|Any CPU
		{267319E7-016C-4208-96C6-35C300D5A917}.Release|Any CPU.Build.0 = Release|Any CPU
		{885C66A9-814D-4EAF-936E-C6205D889D19}.Debug|Any CPU.ActiveCfg = Debug|Any CPU
		{885C66A9-814D-4EAF-936E-C6205D889D19}.Debug|Any CPU.Build.0 = Debug|Any CPU
		{885C66A9-814D-4EAF-936E-C6205D889D19}.Release|Any CPU.ActiveCfg = Release|Any CPU
		{885C66A9-814D-4EAF-936E-C6205D889D19}.Release|Any CPU.Build.0 = Release|Any CPU
	EndGlobalSection
	GlobalSection(SolutionProperties) = preSolution
		HideSolutionNode = FALSE
	EndGlobalSection
	GlobalSection(ExtensibilityGlobals) = postSolution
		SolutionGuid = {170EF0E0-9E5F-443D-BCBE-49E7378AF47F}
	EndGlobalSection
EndGlobal
